
Microsoft Visual Studio Solution File, Format Version 12.00
# Visual Studio Version 17
VisualStudioVersion = 17.12.35707.178 d17.12
MinimumVisualStudioVersion = 10.0.40219.1
Project("{FAE04EC0-301F-11D3-BF4B-00C04F79EFBC}") = "mod4", "mod4.csproj", "{093452E2-132D-4878-96A1-A6E71EC20677}"
EndProject
Global
	GlobalSection(SolutionConfigurationPlatforms) = preSolution
		Debug|Any CPU = Debug|Any CPU
		Release|Any CPU = Release|Any CPU
	EndGlobalSection
	GlobalSection(ProjectConfigurationPlatforms) = postSolution
		{093452E2-132D-4878-96A1-A6E71EC20677}.Debug|Any CPU.ActiveCfg = Debug|Any CPU
		{093452E2-132D-4878-96A1-A6E71EC20677}.Debug|Any CPU.Build.0 = Debug|Any CPU
		{093452E2-132D-4878-96A1-A6E71EC20677}.Release|Any CPU.ActiveCfg = Release|Any CPU
		{093452E2-132D-4878-96A1-A6E71EC20677}.Release|Any CPU.Build.0 = Release|Any CPU
	EndGlobalSection
	GlobalSection(SolutionProperties) = preSolution
		HideSolutionNode = FALSE
	EndGlobalSection
EndGlobal
